
Microsoft Visual Studio Solution File, Format Version 12.00
Project("{FAE04EC0-301F-11D3-BF4B-00C04F79EFBC}") = "WiredBrainCoffee.ConsoleApp", "WiredBrainCoffee.ConsoleApp\WiredBrainCoffee.ConsoleApp.csproj", "{257D13D3-D832-43AC-9BF4-9027495CF496}"
EndProject
Project("{FAE04EC0-301F-11D3-BF4B-00C04F79EFBC}") = "WiredBrainCoffee.Generators", "WiredBrainCoffee.Generators\WiredBrainCoffee.Generators.csproj", "{B7D61D69-D6E9-446C-9B18-297C1D2E9890}"
EndProject
Global
	GlobalSection(SolutionConfigurationPlatforms) = preSolution
		Debug|Any CPU = Debug|Any CPU
		Release|Any CPU = Release|Any CPU
	EndGlobalSection
	GlobalSection(ProjectConfigurationPlatforms) = postSolution
		{257D13D3-D832-43AC-9BF4-9027495CF496}.Debug|Any CPU.ActiveCfg = Debug|Any CPU
		{257D13D3-D832-43AC-9BF4-9027495CF496}.Debug|Any CPU.Build.0 = Debug|Any CPU
		{257D13D3-D832-43AC-9BF4-9027495CF496}.Release|Any CPU.ActiveCfg = Release|Any CPU
		{257D13D3-D832-43AC-9BF4-9027495CF496}.Release|Any CPU.Build.0 = Release|Any CPU
		{B7D61D69-D6E9-446C-9B18-297C1D2E9890}.Debug|Any CPU.ActiveCfg = Debug|Any CPU
		{B7D61D69-D6E9-446C-9B18-297C1D2E9890}.Debug|Any CPU.Build.0 = Debug|Any CPU
		{B7D61D69-D6E9-446C-9B18-297C1D2E9890}.Release|Any CPU.ActiveCfg = Release|Any CPU
		{B7D61D69-D6E9-446C-9B18-297C1D2E9890}.Release|Any CPU.Build.0 = Release|Any CPU
	EndGlobalSection
EndGlobal
